
Microsoft Visual Studio Solution File, Format Version 12.00
# Visual Studio Version 16
VisualStudioVersion = 16.0.29519.87
MinimumVisualStudioVersion = 10.0.40219.1
Project("{FAE04EC0-301F-11D3-BF4B-00C04F79EFBC}") = "TestWebApp", "TestWebApp\TestWebApp.csproj", "{C1CDFB76-A588-49E1-82D3-A56DA11E8DDA}"
EndProject
Global
	GlobalSection(SolutionConfigurationPlatforms) = preSolution
		Debug|Any CPU = Debug|Any CPU
		Release|Any CPU = Release|Any CPU
	EndGlobalSection
	GlobalSection(ProjectConfigurationPlatforms) = postSolution
		{C1CDFB76-A588-49E1-82D3-A56DA11E8DDA}.Debug|Any CPU.ActiveCfg = Debug|Any CPU
		{C1CDFB76-A588-49E1-82D3-A56DA11E8DDA}.Debug|Any CPU.Build.0 = Debug|Any CPU
		{C1CDFB76-A588-49E1-82D3-A56DA11E8DDA}.Release|Any CPU.ActiveCfg = Release|Any CPU
		{C1CDFB76-A588-49E1-82D3-A56DA11E8DDA}.Release|Any CPU.Build.0 = Release|Any CPU
	EndGlobalSection
	GlobalSection(SolutionProperties) = preSolution
		HideSolutionNode = FALSE
	EndGlobalSection
	GlobalSection(ExtensibilityGlobals) = postSolution
		SolutionGuid = {FC292972-3DD5-435D-AA2E-64C15A3BF7A3}
	EndGlobalSection
EndGlobal
